lockfileVersion: '9.0'

settings:
  autoInstallPeers: true
  excludeLinksFromLockfile: false

importers:

  .:
    devDependencies:
      mystmd:
        specifier: ^1.11.0
        version: 1.11.0
      prettier:
        specifier: ^3.8.1
        version: 3.9.6

packages:

  mystmd@1.11.0:
    resolution: {integrity: sha512-m8dPhh3rpPdv0SrDZewZYkyf3EtcsRRQ284n8fOz/+7ouYUsXVUi1pTBOSCQzVe/JJxslY4jIgPi0OuXFJd3YA==}
    hasBin: true

  prettier@3.9.6:
    resolution: {integrity: sha512-OpN0zzVdiaiAhxpuuj5efpIS4sY9j7bY6uR5mnj5yPzGkdkjNKSJeUThPb60Jw29QuAZgA4o+/iB49kFiaBX6g==}
    engines: {node: '>=14'}
    hasBin: true

snapshots:

  mystmd@1.11.0: {}

  prettier@3.9.6: {}
