lockfileVersion: '9.0'

settings:
  autoInstallPeers: true
  excludeLinksFromLockfile: false

importers:

  .:
    devDependencies:
      mystmd:
        specifier: ^1.10.1
        version: 1.10.1
      prettier:
        specifier: ^3.8.1
        version: 3.9.6

packages:

  mystmd@1.10.1:
    resolution: {integrity: sha512-nczabm7R8PmoqJVqKpaijTr1kxdwnY+hRoFC7b+NEUdxW5yZZ8n/CuJlMJKlHtG/pA4o3Ia2RP/0Ra3UPj6sFg==}
    hasBin: true

  prettier@3.9.6:
    resolution: {integrity: sha512-OpN0zzVdiaiAhxpuuj5efpIS4sY9j7bY6uR5mnj5yPzGkdkjNKSJeUThPb60Jw29QuAZgA4o+/iB49kFiaBX6g==}
    engines: {node: '>=14'}
    hasBin: true

snapshots:

  mystmd@1.10.1: {}

  prettier@3.9.6: {}
